
Microsoft Visual Studio Solution File, Format Version 12.00
# Visual Studio Version 17
VisualStudioVersion = 17.6.33815.320
MinimumVisualStudioVersion = 10.0.40219.1
Project("{FAE04EC0-301F-11D3-BF4B-00C04F79EFBC}") = "Server", "Server\Server.csproj", "{1B1508CA-12A1-4270-891C-E25CDC26FD5E}"
EndProject
Project("{FAE04EC0-301F-11D3-BF4B-00C04F79EFBC}") = "Client", "Client\Client.csproj", "{C28994EC-C58C-4933-A272-E437BAC0F53C}"
EndProject
Global
	GlobalSection(SolutionConfigurationPlatforms) = preSolution
		Debug|Any CPU = Debug|Any CPU
		Release|Any CPU = Release|Any CPU
	EndGlobalSection
	GlobalSection(ProjectConfigurationPlatforms) = postSolution
		{1B1508CA-12A1-4270-891C-E25CDC26FD5E}.Debug|Any CPU.ActiveCfg = Debug|Any CPU
		{1B1508CA-12A1-4270-891C-E25CDC26FD5E}.Debug|Any CPU.Build.0 = Debug|Any CPU
		{1B1508CA-12A1-4270-891C-E25CDC26FD5E}.Release|Any CPU.ActiveCfg = Release|Any CPU
		{1B1508CA-12A1-4270-891C-E25CDC26FD5E}.Release|Any CPU.Build.0 = Release|Any CPU
		{C28994EC-C58C-4933-A272-E437BAC0F53C}.Debug|Any CPU.ActiveCfg = Debug|Any CPU
		{C28994EC-C58C-4933-A272-E437BAC0F53C}.Debug|Any CPU.Build.0 = Debug|Any CPU
		{C28994EC-C58C-4933-A272-E437BAC0F53C}.Release|Any CPU.ActiveCfg = Release|Any CPU
		{C28994EC-C58C-4933-A272-E437BAC0F53C}.Release|Any CPU.Build.0 = Release|Any CPU
	EndGlobalSection
	GlobalSection(SolutionProperties) = preSolution
		HideSolutionNode = FALSE
	EndGlobalSection
	GlobalSection(ExtensibilityGlobals) = postSolution
		SolutionGuid = {5ADDD145-BA45-4434-979C-FCF1B34F45D7}
	EndGlobalSection
EndGlobal
